
Microsoft Visual Studio Solution File, Format Version 12.00
# Visual Studio Version 17
VisualStudioVersion = 17.11.35431.28
MinimumVisualStudioVersion = 10.0.40219.1
Project("{FAE04EC0-301F-11D3-BF4B-00C04F79EFBC}") = "WebApi", "WebApi\WebApi.csproj", "{A17C0B45-9974-4D66-B9E3-9B1021EC9706}"
EndProject
Project("{FAE04EC0-301F-11D3-BF4B-00C04F79EFBC}") = "EventBusExample", "EventBusExample\EventBusExample.csproj", "{81B86259-0AA2-4E69-B4A1-114489F18B66}"
EndProject
Global
	GlobalSection(SolutionConfigurationPlatforms) = preSolution
		Debug|Any CPU = Debug|Any CPU
		Release|Any CPU = Release|Any CPU
	EndGlobalSection
	GlobalSection(ProjectConfigurationPlatforms) = postSolution
		{A17C0B45-9974-4D66-B9E3-9B1021EC9706}.Debug|Any CPU.ActiveCfg = Debug|Any CPU
		{A17C0B45-9974-4D66-B9E3-9B1021EC9706}.Debug|Any CPU.Build.0 = Debug|Any CPU
		{A17C0B45-9974-4D66-B9E3-9B1021EC9706}.Release|Any CPU.ActiveCfg = Release|Any CPU
		{A17C0B45-9974-4D66-B9E3-9B1021EC9706}.Release|Any CPU.Build.0 = Release|Any CPU
		{81B86259-0AA2-4E69-B4A1-114489F18B66}.Debug|Any CPU.ActiveCfg = Debug|Any CPU
		{81B86259-0AA2-4E69-B4A1-114489F18B66}.Debug|Any CPU.Build.0 = Debug|Any CPU
		{81B86259-0AA2-4E69-B4A1-114489F18B66}.Release|Any CPU.ActiveCfg = Release|Any CPU
		{81B86259-0AA2-4E69-B4A1-114489F18B66}.Release|Any CPU.Build.0 = Release|Any CPU
	EndGlobalSection
	GlobalSection(SolutionProperties) = preSolution
		HideSolutionNode = FALSE
	EndGlobalSection
	GlobalSection(ExtensibilityGlobals) = postSolution
		SolutionGuid = {B7CABF9B-22B8-4482-8231-4886976B2BCB}
	EndGlobalSection
EndGlobal
